
Microsoft Visual Studio Solution File, Format Version 12.00
# Visual Studio 15
VisualStudioVersion = 15.0.27130.2010
MinimumVisualStudioVersion = 10.0.40219.1
Project("{9A19103F-16F7-4668-BE54-9A1E7A4F7556}") = "App.Api", "App.Api\App.Api.csproj", "{1D877DB8-7842-4110-B6EE-9677687376DC}"
EndProject
Project("{9A19103F-16F7-4668-BE54-9A1E7A4F7556}") = "App.Web", "App.Web\App.Web.csproj", "{ABB71486-8B8E-413D-8804-E4BC691FF38F}"
EndProject
Global
	GlobalSection(SolutionConfigurationPlatforms) = preSolution
		Debug|Any CPU = Debug|Any CPU
		Release|Any CPU = Release|Any CPU
	EndGlobalSection
	GlobalSection(ProjectConfigurationPlatforms) = postSolution
		{1D877DB8-7842-4110-B6EE-9677687376DC}.Debug|Any CPU.ActiveCfg = Debug|Any CPU
		{1D877DB8-7842-4110-B6EE-9677687376DC}.Debug|Any CPU.Build.0 = Debug|Any CPU
		{1D877DB8-7842-4110-B6EE-9677687376DC}.Release|Any CPU.ActiveCfg = Release|Any CPU
		{1D877DB8-7842-4110-B6EE-9677687376DC}.Release|Any CPU.Build.0 = Release|Any CPU
		{ABB71486-8B8E-413D-8804-E4BC691FF38F}.Debug|Any CPU.ActiveCfg = Debug|Any CPU
		{ABB71486-8B8E-413D-8804-E4BC691FF38F}.Debug|Any CPU.Build.0 = Debug|Any CPU
		{ABB71486-8B8E-413D-8804-E4BC691FF38F}.Release|Any CPU.ActiveCfg = Release|Any CPU
		{ABB71486-8B8E-413D-8804-E4BC691FF38F}.Release|Any CPU.Build.0 = Release|Any CPU
	EndGlobalSection
	GlobalSection(SolutionProperties) = preSolution
		HideSolutionNode = FALSE
	EndGlobalSection
	GlobalSection(ExtensibilityGlobals) = postSolution
		SolutionGuid = {3EF9ADF8-46D6-4F19-A139-193D22D5BB5D}
	EndGlobalSection
EndGlobal
